
Microsoft Visual Studio Solution File, Format Version 12.00
# Visual Studio 15
VisualStudioVersion = 15.0.28307.1300
MinimumVisualStudioVersion = 10.0.40219.1
Project("{888888A0-9F3D-457C-B088-3A5042F75D52}") = "JobSkillScraper", "JobSkillScraper.pyproj", "{DFD866B1-F924-42F8-8286-8458A5E3F9F2}"
EndProject
Global
	GlobalSection(SolutionConfigurationPlatforms) = preSolution
		Debug|Any CPU = Debug|Any CPU
		Release|Any CPU = Release|Any CPU
	EndGlobalSection
	GlobalSection(ProjectConfigurationPlatforms) = postSolution
		{DFD866B1-F924-42F8-8286-8458A5E3F9F2}.Debug|Any CPU.ActiveCfg = Debug|Any CPU
		{DFD866B1-F924-42F8-8286-8458A5E3F9F2}.Release|Any CPU.ActiveCfg = Release|Any CPU
	EndGlobalSection
	GlobalSection(SolutionProperties) = preSolution
		HideSolutionNode = FALSE
	EndGlobalSection
	GlobalSection(ExtensibilityGlobals) = postSolution
		SolutionGuid = {E9E9CEA9-3E39-4C3C-BAD8-CFAF123242D1}
	EndGlobalSection
EndGlobal
